// !$*UTF8*$!
{
	archiveVersion = 1;
	classes = {
	};
	objectVersion = 46;
	objects = {

/* Begin PBXBuildFile section */
		665473501D2B7D1A00D9CE71 /* main.m in Sources */ = {isa = PBXBuildFile; fileRef = 6654734F1D2B7D1A00D9CE71 /* main.m */; };
		665473531D2B7D1A00D9CE71 /* AppDelegate.m in Sources */ = {isa = PBXBuildFile; fileRef = 665473521D2B7D1A00D9CE71 /* AppDelegate.m */; };
		665473561D2B7D1A00D9CE71 /* ViewController.m in Sources */ = {isa = PBXBuildFile; fileRef = 665473551D2B7D1A00D9CE71 /* ViewController.m */; };
		665473591D2B7D1A00D9CE71 /* Main.storyboard in Resources */ = {isa = PBXBuildFile; fileRef = 665473571D2B7D1A00D9CE71 /* Main.storyboard */; };
		6654735B1D2B7D1A00D9CE71 /* Assets.xcassets in Resources */ = {isa = PBXBuildFile; fileRef = 6654735A1D2B7D1A00D9CE71 /* Assets.xcassets */; };
		6654735E1D2B7D1A00D9CE71 /* LaunchScreen.storyboard in Resources */ = {isa = PBXBuildFile; fileRef = 6654735C1D2B7D1A00D9CE71 /* LaunchScreen.storyboard */; };
		665473691D2B7D1B00D9CE71 /* TestTests.m in Sources */ = {isa = PBXBuildFile; fileRef = 665473681D2B7D1B00D9CE71 /* TestTests.m */; };
		665473741D2B7D1B00D9CE71 /* TestUITests.m in Sources */ = {isa = PBXBuildFile; fileRef = 665473731D2B7D1B00D9CE71 /* TestUITests.m */; };
/* End PBXBuildFile section */

/* Begin PBXContainerItemProxy section */
		665473651D2B7D1A00D9CE71 /* PBXContainerItemProxy */ = {
			isa = PBXContainerItemProxy;
			containerPortal = 665473431D2B7D1A00D9CE71 /* Project object */;
			proxyType = 1;
			remoteGlobalIDString = 6654734A1D2B7D1A00D9CE71;
			remoteInfo = Test;
		};
		665473701D2B7D1B00D9CE71 /* PBXContainerItemProxy */ = {
			isa = PBXContainerItemProxy;
			containerPortal = 665473431D2B7D1A00D9CE71 /* Project object */;
			proxyType = 1;
			remoteGlobalIDString = 6654734A1D2B7D1A00D9CE71;
			remoteInfo = Test;
		};
/* End PBXContainerItemProxy section */

/* Begin PBXFileReference section */
		6654734B1D2B7D1A00D9CE71 /* Test.app */ = {isa = PBXFileReference; explicitFileType = wrapper.application; includeInIndex = 0; path = Test.app; sourceTree = BUILT_PRODUCTS_DIR; };
		6654734F1D2B7D1A00D9CE71 /* main.m */ = {isa = PBXFileReference; lastKnownFileType = sourcecode.c.objc; path = main.m; sourceTree = "<group>"; };
		665473511D2B7D1A00D9CE71 /* AppDelegate.h */ = {isa = PBXFileReference; lastKnownFileType = sourcecode.c.h; path = AppDelegate.h; sourceTree = "<group>"; };
		665473521D2B7D1A00D9CE71 /* AppDelegate.m */ = {isa = PBXFileReference; lastKnownFileType = sourcecode.c.objc; path = AppDelegate.m; sourceTree = "<group>"; };
		665473541D2B7D1A00D9CE71 /* ViewController.h */ = {isa = PBXFileReference; lastKnownFileType = sourcecode.c.h; path = ViewController.h; sourceTree = "<group>"; };
		665473551D2B7D1A00D9CE71 /* ViewController.m */ = {isa = PBXFileReference; lastKnownFileType = sourcecode.c.objc; path = ViewController.m; sourceTree = "<group>"; };
		665473581D2B7D1A00D9CE71 /* Base */ = {isa = PBXFileReference; lastKnownFileType = file.storyboard; name = Base; path = Base.lproj/Main.storyboard; sourceTree = "<group>"; };
		6654735A1D2B7D1A00D9CE71 /* Assets.xcassets */ = {isa = PBXFileReference; lastKnownFileType = folder.assetcatalog; path = Assets.xcassets; sourceTree = "<group>"; };
		6654735D1D2B7D1A00D9CE71 /* Base */ = {isa = PBXFileReference; lastKnownFileType = file.storyboard; name = Base; path = Base.lproj/LaunchScreen.storyboard; sourceTree = "<group>"; };
		6654735F1D2B7D1A00D9CE71 /* Info.plist */ = {isa = PBXFileReference; lastKnownFileType = text.plist.xml; path = Info.plist; sourceTree = "<group>"; };
		665473641D2B7D1A00D9CE71 /* TestTests.xctest */ = {isa = PBXFileReference; explicitFileType = wrapper.cfbundle; includeInIndex = 0; path = TestTests.xctest; sourceTree = BUILT_PRODUCTS_DIR; };
		665473681D2B7D1B00D9CE71 /* TestTests.m */ = {isa = PBXFileReference; lastKnownFileType = sourcecode.c.objc; path = TestTests.m; sourceTree = "<group>"; };
		6654736A1D2B7D1B00D9CE71 /* Info.plist */ = {isa = PBXFileReference; lastKnownFileType = text.plist.xml; path = Info.plist; sourceTree = "<group>"; };
		6654736F1D2B7D1B00D9CE71 /* TestUITests.xctest */ = {isa = PBXFileReference; explicitFileType = wrapper.cfbundle; includeInIndex = 0; path = TestUITests.xctest; sourceTree = BUILT_PRODUCTS_DIR; };
		665473731D2B7D1B00D9CE71 /* TestUITests.m */ = {isa = PBXFileReference; lastKnownFileType = sourcecode.c.objc; path = TestUITests.m; sourceTree = "<group>"; };
		665473751D2B7D1B00D9CE71 /* Info.plist */ = {isa = PBXFileReference; lastKnownFileType = text.plist.xml; path = Info.plist; sourceTree = "<group>"; };
/* End PBXFileReference section */

/* Begin PBXFrameworksBuildPhase section */
		665473481D2B7D1A00D9CE71 /* Frameworks */ = {
			isa = PBXFrameworksBuildPhase;
			buildActionMask = 2147483647;
			files = (
			);
			runOnlyForDeploymentPostprocessing = 0;
		};
		665473611D2B7D1A00D9CE71 /* Frameworks */ = {
			isa = PBXFrameworksBuildPhase;
			buildActionMask = 2147483647;
			files = (
			);
			runOnlyForDeploymentPostprocessing = 0;
		};
		6654736C1D2B7D1B00D9CE71 /* Frameworks */ = {
			isa = PBXFrameworksBuildPhase;
			buildActionMask = 2147483647;
			files = (
			);
			runOnlyForDeploymentPostprocessing = 0;
		};
/* End PBXFrameworksBuildPhase section */

/* Begin PBXGroup section */
		665473421D2B7D1A00D9CE71 = {
			isa = PBXGroup;
			children = (
				6654734D1D2B7D1A00D9CE71 /* Test */,
				665473671D2B7D1A00D9CE71 /* TestTests */,
				665473721D2B7D1B00D9CE71 /* TestUITests */,
				6654734C1D2B7D1A00D9CE71 /* Products */,
			);
			sourceTree = "<group>";
		};
		6654734C1D2B7D1A00D9CE71 /* Products */ = {
			isa = PBXGroup;
			children = (
				6654734B1D2B7D1A00D9CE71 /* Test.app */,
				665473641D2B7D1A00D9CE71 /* TestTests.xctest */,
				6654736F1D2B7D1B00D9CE71 /* TestUITests.xctest */,
			);
			name = Products;
			sourceTree = "<group>";
		};
		6654734D1D2B7D1A00D9CE71 /* Test */ = {
			isa = PBXGroup;
			children = (
				665473511D2B7D1A00D9CE71 /* AppDelegate.h */,
				665473521D2B7D1A00D9CE71 /* AppDelegate.m */,
				665473541D2B7D1A00D9CE71 /* ViewController.h */,
				665473551D2B7D1A00D9CE71 /* ViewController.m */,
				665473571D2B7D1A00D9CE71 /* Main.storyboard */,
				6654735A1D2B7D1A00D9CE71 /* Assets.xcassets */,
				6654735C1D2B7D1A00D9CE71 /* LaunchScreen.storyboard */,
				6654735F1D2B7D1A00D9CE71 /* Info.plist */,
				6654734E1D2B7D1A00D9CE71 /* Supporting Files */,
			);
			path = Test;
			sourceTree = "<group>";
		};
		6654734E1D2B7D1A00D9CE71 /* Supporting Files */ = {
			isa = PBXGroup;
			children = (
				6654734F1D2B7D1A00D9CE71 /* main.m */,
			);
			name = "Supporting Files";
			sourceTree = "<group>";
		};
		665473671D2B7D1A00D9CE71 /* TestTests */ = {
			isa = PBXGroup;
			children = (
				665473681D2B7D1B00D9CE71 /* TestTests.m */,
				6654736A1D2B7D1B00D9CE71 /* Info.plist */,
			);
			path = TestTests;
			sourceTree = "<group>";
		};
		665473721D2B7D1B00D9CE71 /* TestUITests */ = {
			isa = PBXGroup;
			children = (
				665473731D2B7D1B00D9CE71 /* TestUITests.m */,
				665473751D2B7D1B00D9CE71 /* Info.plist */,
			);
			path = TestUITests;
			sourceTree = "<group>";
		};
/* End PBXGroup section */

/* Begin PBXNativeTarget section */
		6654734A1D2B7D1A00D9CE71 /* Test */ = {
			isa = PBXNativeTarget;
			buildConfigurationList = 665473781D2B7D1B00D9CE71 /* Build configuration list for PBXNativeTarget "Test" */;
			buildPhases = (
				665473471D2B7D1A00D9CE71 /* Sources */,
				665473481D2B7D1A00D9CE71 /* Frameworks */,
				665473491D2B7D1A00D9CE71 /* Resources */,
			);
			buildRules = (
			);
			dependencies = (
			);
			name = Test;
			productName = Test;
			productReference = 6654734B1D2B7D1A00D9CE71 /* Test.app */;
			productType = "com.apple.product-type.application";
		};
		665473631D2B7D1A00D9CE71 /* TestTests */ = {
			isa = PBXNativeTarget;
			buildConfigurationList = 6654737B1D2B7D1B00D9CE71 /* Build configuration list for PBXNativeTarget "TestTests" */;
			buildPhases = (
				665473601D2B7D1A00D9CE71 /* Sources */,
				665473611D2B7D1A00D9CE71 /* Frameworks */,
				665473621D2B7D1A00D9CE71 /* Resources */,
			);
			buildRules = (
			);
			dependencies = (
				665473661D2B7D1A00D9CE71 /* PBXTargetDependency */,
			);
			name = TestTests;
			productName = TestTests;
			productReference = 665473641D2B7D1A00D9CE71 /* TestTests.xctest */;
			productType = "com.apple.product-type.bundle.unit-test";
		};
		6654736E1D2B7D1B00D9CE71 /* TestUITests */ = {
			isa = PBXNativeTarget;
			buildConfigurationList = 6654737E1D2B7D1B00D9CE71 /* Build configuration list for PBXNativeTarget "TestUITests" */;
			buildPhases = (
				6654736B1D2B7D1B00D9CE71 /* Sources */,
				6654736C1D2B7D1B00D9CE71 /* Frameworks */,
				6654736D1D2B7D1B00D9CE71 /* Resources */,
			);
			buildRules = (
			);
			dependencies = (
				665473711D2B7D1B00D9CE71 /* PBXTargetDependency */,
			);
			name = TestUITests;
			productName = TestUITests;
			productReference = 6654736F1D2B7D1B00D9CE71 /* TestUITests.xctest */;
			productType = "com.apple.product-type.bundle.ui-testing";
		};
/* End PBXNativeTarget section */

/* Begin PBXProject section */
		665473431D2B7D1A00D9CE71 /* Project object */ = {
			isa = PBXProject;
			attributes = {
				LastUpgradeCheck = 0730;
				ORGANIZATIONNAME = huaren;
				TargetAttributes = {
					6654734A1D2B7D1A00D9CE71 = {
						CreatedOnToolsVersion = 7.3.1;
					};
					665473631D2B7D1A00D9CE71 = {
						CreatedOnToolsVersion = 7.3.1;
						TestTargetID = 6654734A1D2B7D1A00D9CE71;
					};
					6654736E1D2B7D1B00D9CE71 = {
						CreatedOnToolsVersion = 7.3.1;
						TestTargetID = 6654734A1D2B7D1A00D9CE71;
					};
				};
			};
			buildConfigurationList = 665473461D2B7D1A00D9CE71 /* Build configuration list for PBXProject "Test" */;
			compatibilityVersion = "Xcode 3.2";
			developmentRegion = English;
			hasScannedForEncodings = 0;
			knownRegions = (
				en,
				Base,
			);
			mainGroup = 665473421D2B7D1A00D9CE71;
			productRefGroup = 6654734C1D2B7D1A00D9CE71 /* Products */;
			projectDirPath = "";
			projectRoot = "";
			targets = (
				6654734A1D2B7D1A00D9CE71 /* Test */,
				665473631D2B7D1A00D9CE71 /* TestTests */,
				6654736E1D2B7D1B00D9CE71 /* TestUITests */,
			);
		};
/* End PBXProject section */

/* Begin PBXResourcesBuildPhase section */
		665473491D2B7D1A00D9CE71 /* Resources */ = {
			isa = PBXResourcesBuildPhase;
			buildActionMask = 2147483647;
			files = (
				6654735E1D2B7D1A00D9CE71 /* LaunchScreen.storyboard in Resources */,
				6654735B1D2B7D1A00D9CE71 /* Assets.xcassets in Resources */,
				665473591D2B7D1A00D9CE71 /* Main.storyboard in Resources */,
			);
			runOnlyForDeploymentPostprocessing = 0;
		};
		665473621D2B7D1A00D9CE71 /* Resources */ = {
			isa = PBXResourcesBuildPhase;
			buildActionMask = 2147483647;
			files = (
			);
			runOnlyForDeploymentPostprocessing = 0;
		};
		6654736D1D2B7D1B00D9CE71 /* Resources */ = {
			isa = PBXResourcesBuildPhase;
			buildActionMask = 2147483647;
			files = (
			);
			runOnlyForDeploymentPostprocessing = 0;
		};
/* End PBXResourcesBuildPhase section */

/* Begin PBXSourcesBuildPhase section */
		665473471D2B7D1A00D9CE71 /* Sources */ = {
			isa = PBXSourcesBuildPhase;
			buildActionMask = 2147483647;
			files = (
				665473561D2B7D1A00D9CE71 /* ViewController.m in Sources */,
				665473531D2B7D1A00D9CE71 /* AppDelegate.m in Sources */,
				665473501D2B7D1A00D9CE71 /* main.m in Sources */,
			);
			runOnlyForDeploymentPostprocessing = 0;
		};
		665473601D2B7D1A00D9CE71 /* Sources */ = {
			isa = PBXSourcesBuildPhase;
			buildActionMask = 2147483647;
			files = (
				665473691D2B7D1B00D9CE71 /* TestTests.m in Sources */,
			);
			runOnlyForDeploymentPostprocessing = 0;
		};
		6654736B1D2B7D1B00D9CE71 /* Sources */ = {
			isa = PBXSourcesBuildPhase;
			buildActionMask = 2147483647;
			files = (
				665473741D2B7D1B00D9CE71 /* TestUITests.m in Sources */,
			);
			runOnlyForDeploymentPostprocessing = 0;
		};
/* End PBXSourcesBuildPhase section */

/* Begin PBXTargetDependency section */
		665473661D2B7D1A00D9CE71 /* PBXTargetDependency */ = {
			isa = PBXTargetDependency;
			target = 6654734A1D2B7D1A00D9CE71 /* Test */;
			targetProxy = 665473651D2B7D1A00D9CE71 /* PBXContainerItemProxy */;
		};
		665473711D2B7D1B00D9CE71 /* PBXTargetDependency */ = {
			isa = PBXTargetDependency;
			target = 6654734A1D2B7D1A00D9CE71 /* Test */;
			targetProxy = 665473701D2B7D1B00D9CE71 /* PBXContainerItemProxy */;
		};
/* End PBXTargetDependency section */

/* Begin PBXVariantGroup section */
		665473571D2B7D1A00D9CE71 /* Main.storyboard */ = {
			isa = PBXVariantGroup;
			children = (
				665473581D2B7D1A00D9CE71 /* Base */,
			);
			name = Main.storyboard;
			sourceTree = "<group>";
		};
		6654735C1D2B7D1A00D9CE71 /* LaunchScreen.storyboard */ = {
			isa = PBXVariantGroup;
			children = (
				6654735D1D2B7D1A00D9CE71 /* Base */,
			);
			name = LaunchScreen.storyboard;
			sourceTree = "<group>";
		};
/* End PBXVariantGroup section */

/* Begin XCBuildConfiguration section */
		665473761D2B7D1B00D9CE71 /* Debug */ = {
			isa = XCBuildConfiguration;
			buildSettings = {
				ALWAYS_SEARCH_USER_PATHS = NO;
				CLANG_ANALYZER_NONNULL = YES;
				CLANG_CXX_LANGUAGE_STANDARD = "gnu++0x";
				CLANG_CXX_LIBRARY = "libc++";
				CLANG_ENABLE_MODULES = YES;
				CLANG_ENABLE_OBJC_ARC = YES;
				CLANG_WARN_BOOL_CONVERSION = YES;
				CLANG_WARN_CONSTANT_CONVERSION = YES;
				CLANG_WARN_DIRECT_OBJC_ISA_USAGE = YES_ERROR;
				CLANG_WARN_EMPTY_BODY = YES;
				CLANG_WARN_ENUM_CONVERSION = YES;
				CLANG_WARN_INT_CONVERSION = YES;
				CLANG_WARN_OBJC_ROOT_CLASS = YES_ERROR;
				CLANG_WARN_UNREACHABLE_CODE = YES;
				CLANG_WARN__DUPLICATE_METHOD_MATCH = YES;
				"CODE_SIGN_IDENTITY[sdk=iphoneos*]" = "iPhone Developer";
				COPY_PHASE_STRIP = NO;
				DEBUG_INFORMATION_FORMAT = dwarf;
				ENABLE_STRICT_OBJC_MSGSEND = YES;
				ENABLE_TESTABILITY = YES;
				GCC_C_LANGUAGE_STANDARD = gnu99;
				GCC_DYNAMIC_NO_PIC = NO;
				GCC_NO_COMMON_BLOCKS = YES;
				GCC_OPTIMIZATION_LEVEL = 0;
				GCC_PREPROCESSOR_DEFINITIONS = (
					"DEBUG=1",
					"$(inherited)",
				);
				GCC_WARN_64_TO_32_BIT_CONVERSION = YES;
				GCC_WARN_ABOUT_RETURN_TYPE = YES_ERROR;
				GCC_WARN_UNDECLARED_SELECTOR = YES;
				GCC_WARN_UNINITIALIZED_AUTOS = YES_AGGRESSIVE;
				GCC_WARN_UNUSED_FUNCTION = YES;
				GCC_WARN_UNUSED_VARIABLE = YES;
				IPHONEOS_DEPLOYMENT_TARGET = 9.3;
				MTL_ENABLE_DEBUG_INFO = YES;
				ONLY_ACTIVE_ARCH = YES;
				SDKROOT = iphoneos;
			};
			name = Debug;
		};
		665473771D2B7D1B00D9CE71 /* Release */ = {
			isa = XCBuildConfiguration;
			buildSettings = {
				ALWAYS_SEARCH_USER_PATHS = NO;
				CLANG_ANALYZER_NONNULL = YES;
				CLANG_CXX_LANGUAGE_STANDARD = "gnu++0x";
				CLANG_CXX_LIBRARY = "libc++";
				CLANG_ENABLE_MODULES = YES;
				CLANG_ENABLE_OBJC_ARC = YES;
				CLANG_WARN_BOOL_CONVERSION = YES;
				CLANG_WARN_CONSTANT_CONVERSION = YES;
				CLANG_WARN_DIRECT_OBJC_ISA_USAGE = YES_ERROR;
				CLANG_WARN_EMPTY_BODY = YES;
				CLANG_WARN_ENUM_CONVERSION = YES;
				CLANG_WARN_INT_CONVERSION = YES;
				CLANG_WARN_OBJC_ROOT_CLASS = YES_ERROR;
				CLANG_WARN_UNREACHABLE_CODE = YES;
				CLANG_WARN__DUPLICATE_METHOD_MATCH = YES;
				"CODE_SIGN_IDENTITY[sdk=iphoneos*]" = "iPhone Developer";
				COPY_PHASE_STRIP = NO;
				DEBUG_INFORMATION_FORMAT = "dwarf-with-dsym";
				ENABLE_NS_ASSERTIONS = NO;
				ENABLE_STRICT_OBJC_MSGSEND = YES;
				GCC_C_LANGUAGE_STANDARD = gnu99;
				GCC_NO_COMMON_BLOCKS = YES;
				GCC_WARN_64_TO_32_BIT_CONVERSION = YES;
				GCC_WARN_ABOUT_RETURN_TYPE = YES_ERROR;
				GCC_WARN_UNDECLARED_SELECTOR = YES;
				GCC_WARN_UNINITIALIZED_AUTOS = YES_AGGRESSIVE;
				GCC_WARN_UNUSED_FUNCTION = YES;
				GCC_WARN_UNUSED_VARIABLE = YES;
				IPHONEOS_DEPLOYMENT_TARGET = 9.3;
				MTL_ENABLE_DEBUG_INFO = NO;
				SDKROOT = iphoneos;
				VALIDATE_PRODUCT = YES;
			};
			name = Release;
		};
		665473791D2B7D1B00D9CE71 /* Debug */ = {
			isa = XCBuildConfiguration;
			buildSettings = {
				ASSETCATALOG_COMPILER_APPICON_NAME = AppIcon;
				INFOPLIST_FILE = Test/Info.plist;
				LD_RUNPATH_SEARCH_PATHS = "$(inherited) @executable_path/Frameworks";
				PRODUCT_BUNDLE_IDENTIFIER = com.huaren.Test;
				PRODUCT_NAME = "$(TARGET_NAME)";
			};
			name = Debug;
		};
		6654737A1D2B7D1B00D9CE71 /* Release */ = {
			isa = XCBuildConfiguration;
			buildSettings = {
				ASSETCATALOG_COMPILER_APPICON_NAME = AppIcon;
				INFOPLIST_FILE = Test/Info.plist;
				LD_RUNPATH_SEARCH_PATHS = "$(inherited) @executable_path/Frameworks";
				PRODUCT_BUNDLE_IDENTIFIER = com.huaren.Test;
				PRODUCT_NAME = "$(TARGET_NAME)";
			};
			name = Release;
		};
		6654737C1D2B7D1B00D9CE71 /* Debug */ = {
			isa = XCBuildConfiguration;
			buildSettings = {
				BUNDLE_LOADER = "$(TEST_HOST)";
				INFOPLIST_FILE = TestTests/Info.plist;
				LD_RUNPATH_SEARCH_PATHS = "$(inherited) @executable_path/Frameworks @loader_path/Frameworks";
				PRODUCT_BUNDLE_IDENTIFIER = com.huaren.TestTests;
				PRODUCT_NAME = "$(TARGET_NAME)";
				TEST_HOST = "$(BUILT_PRODUCTS_DIR)/Test.app/Test";
			};
			name = Debug;
		};
		6654737D1D2B7D1B00D9CE71 /* Release */ = {
			isa = XCBuildConfiguration;
			buildSettings = {
				BUNDLE_LOADER = "$(TEST_HOST)";
				INFOPLIST_FILE = TestTests/Info.plist;
				LD_RUNPATH_SEARCH_PATHS = "$(inherited) @executable_path/Frameworks @loader_path/Frameworks";
				PRODUCT_BUNDLE_IDENTIFIER = com.huaren.TestTests;
				PRODUCT_NAME = "$(TARGET_NAME)";
				TEST_HOST = "$(BUILT_PRODUCTS_DIR)/Test.app/Test";
			};
			name = Release;
		};
		6654737F1D2B7D1B00D9CE71 /* Debug */ = {
			isa = XCBuildConfiguration;
			buildSettings = {
				INFOPLIST_FILE = TestUITests/Info.plist;
				LD_RUNPATH_SEARCH_PATHS = "$(inherited) @executable_path/Frameworks @loader_path/Frameworks";
				PRODUCT_BUNDLE_IDENTIFIER = com.huaren.TestUITests;
				PRODUCT_NAME = "$(TARGET_NAME)";
				TEST_TARGET_NAME = Test;
			};
			name = Debug;
		};
		665473801D2B7D1B00D9CE71 /* Release */ = {
			isa = XCBuildConfiguration;
			buildSettings = {
				INFOPLIST_FILE = TestUITests/Info.plist;
				LD_RUNPATH_SEARCH_PATHS = "$(inherited) @executable_path/Frameworks @loader_path/Frameworks";
				PRODUCT_BUNDLE_IDENTIFIER = com.huaren.TestUITests;
				PRODUCT_NAME = "$(TARGET_NAME)";
				TEST_TARGET_NAME = Test;
			};
			name = Release;
		};
/* End XCBuildConfiguration section */

/* Begin XCConfigurationList section */
		665473461D2B7D1A00D9CE71 /* Build configuration list for PBXProject "Test" */ = {
			isa = XCConfigurationList;
			buildConfigurations = (
				665473761D2B7D1B00D9CE71 /* Debug */,
				665473771D2B7D1B00D9CE71 /* Release */,
			);
			defaultConfigurationIsVisible = 0;
			defaultConfigurationName = Release;
		};
		665473781D2B7D1B00D9CE71 /* Build configuration list for PBXNativeTarget "Test" */ = {
			isa = XCConfigurationList;
			buildConfigurations = (
				665473791D2B7D1B00D9CE71 /* Debug */,
				6654737A1D2B7D1B00D9CE71 /* Release */,
			);
			defaultConfigurationIsVisible = 0;
		};
		6654737B1D2B7D1B00D9CE71 /* Build configuration list for PBXNativeTarget "TestTests" */ = {
			isa = XCConfigurationList;
			buildConfigurations = (
				6654737C1D2B7D1B00D9CE71 /* Debug */,
				6654737D1D2B7D1B00D9CE71 /* Release */,
			);
			defaultConfigurationIsVisible = 0;
		};
		6654737E1D2B7D1B00D9CE71 /* Build configuration list for PBXNativeTarget "TestUITests" */ = {
			isa = XCConfigurationList;
			buildConfigurations = (
				6654737F1D2B7D1B00D9CE71 /* Debug */,
				665473801D2B7D1B00D9CE71 /* Release */,
			);
			defaultConfigurationIsVisible = 0;
		};
/* End XCConfigurationList section */
	};
	rootObject = 665473431D2B7D1A00D9CE71 /* Project object */;
}
